// !$*UTF8*$!
{
	archiveVersion = 1;
	classes = {
	};
	objectVersion = 55;
	objects = {

/* Begin PBXBuildFile section */
		584ABC2128B396310063314E /* UITextField+Ext.swift in Sources */ = {isa = PBXBuildFile; fileRef = 584ABC2028B396310063314E /* UITextField+Ext.swift */; };
		584ABC2328B3A3660063314E /* CALayer+Ext.swift in Sources */ = {isa = PBXBuildFile; fileRef = 584ABC2228B3A3660063314E /* CALayer+Ext.swift */; };
		584ABC2B28B3ABDE0063314E /* Urbanist-Bold.otf in Resources */ = {isa = PBXBuildFile; fileRef = 584ABC2A28B3ABDE0063314E /* Urbanist-Bold.otf */; };
		584ABC2D28B3ABF40063314E /* Urbanist-Bold.ttf in Resources */ = {isa = PBXBuildFile; fileRef = 584ABC2C28B3ABF40063314E /* Urbanist-Bold.ttf */; };
		58768BB428B25B3F00E87EDD /* SnapKit in Frameworks */ = {isa = PBXBuildFile; productRef = 58768BB328B25B3F00E87EDD /* SnapKit */; };
		58A9894128B2516800CBE4BF /* AppDelegate.swift in Sources */ = {isa = PBXBuildFile; fileRef = 58A9894028B2516800CBE4BF /* AppDelegate.swift */; };
		58A9894328B2516800CBE4BF /* SceneDelegate.swift in Sources */ = {isa = PBXBuildFile; fileRef = 58A9894228B2516800CBE4BF /* SceneDelegate.swift */; };
		58A9894528B2516800CBE4BF /* ViewController.swift in Sources */ = {isa = PBXBuildFile; fileRef = 58A9894428B2516800CBE4BF /* ViewController.swift */; };
		58A9894A28B2516A00CBE4BF /* Assets.xcassets in Resources */ = {isa = PBXBuildFile; fileRef = 58A9894928B2516A00CBE4BF /* Assets.xcassets */; };
		58A9894D28B2516A00CBE4BF /* LaunchScreen.storyboard in Resources */ = {isa = PBXBuildFile; fileRef = 58A9894B28B2516A00CBE4BF /* LaunchScreen.storyboard */; };
/* End PBXBuildFile section */

/* Begin PBXFileReference section */
		584ABC2028B396310063314E /* UITextField+Ext.swift */ = {isa = PBXFileReference; lastKnownFileType = sourcecode.swift; path = "UITextField+Ext.swift"; sourceTree = "<group>"; };
		584ABC2228B3A3660063314E /* CALayer+Ext.swift */ = {isa = PBXFileReference; lastKnownFileType = sourcecode.swift; path = "CALayer+Ext.swift"; sourceTree = "<group>"; };
		584ABC2A28B3ABDE0063314E /* Urbanist-Bold.otf */ = {isa = PBXFileReference; lastKnownFileType = file; path = "Urbanist-Bold.otf"; sourceTree = "<group>"; };
		584ABC2C28B3ABF40063314E /* Urbanist-Bold.ttf */ = {isa = PBXFileReference; lastKnownFileType = file; path = "Urbanist-Bold.ttf"; sourceTree = "<group>"; };
		58A9893D28B2516800CBE4BF /* weekly-challenge01.app */ = {isa = PBXFileReference; explicitFileType = wrapper.application; includeInIndex = 0; path = "weekly-challenge01.app"; sourceTree = BUILT_PRODUCTS_DIR; };
		58A9894028B2516800CBE4BF /* AppDelegate.swift */ = {isa = PBXFileReference; lastKnownFileType = sourcecode.swift; path = AppDelegate.swift; sourceTree = "<group>"; };
		58A9894228B2516800CBE4BF /* SceneDelegate.swift */ = {isa = PBXFileReference; lastKnownFileType = sourcecode.swift; path = SceneDelegate.swift; sourceTree = "<group>"; };
		58A9894428B2516800CBE4BF /* ViewController.swift */ = {isa = PBXFileReference; lastKnownFileType = sourcecode.swift; path = ViewController.swift; sourceTree = "<group>"; };
		58A9894928B2516A00CBE4BF /* Assets.xcassets */ = {isa = PBXFileReference; lastKnownFileType = folder.assetcatalog; path = Assets.xcassets; sourceTree = "<group>"; };
		58A9894C28B2516A00CBE4BF /* Base */ = {isa = PBXFileReference; lastKnownFileType = file.storyboard; name = Base; path = Base.lproj/LaunchScreen.storyboard; sourceTree = "<group>"; };
		58A9894E28B2516A00CBE4BF /* Info.plist */ = {isa = PBXFileReference; lastKnownFileType = text.plist.xml; path = Info.plist; sourceTree = "<group>"; };
/* End PBXFileReference section */

/* Begin PBXFrameworksBuildPhase section */
		58A9893A28B2516800CBE4BF /* Frameworks */ = {
			isa = PBXFrameworksBuildPhase;
			buildActionMask = 2147483647;
			files = (
				58768BB428B25B3F00E87EDD /* SnapKit in Frameworks */,
			);
			runOnlyForDeploymentPostprocessing = 0;
		};
/* End PBXFrameworksBuildPhase section */

/* Begin PBXGroup section */
		584ABC1F28B396080063314E /* Extension */ = {
			isa = PBXGroup;
			children = (
				584ABC2028B396310063314E /* UITextField+Ext.swift */,
				584ABC2228B3A3660063314E /* CALayer+Ext.swift */,
			);
			path = Extension;
			sourceTree = "<group>";
		};
		584ABC2428B3AA8B0063314E /* Fonts */ = {
			isa = PBXGroup;
			children = (
				584ABC2A28B3ABDE0063314E /* Urbanist-Bold.otf */,
				584ABC2C28B3ABF40063314E /* Urbanist-Bold.ttf */,
			);
			path = Fonts;
			sourceTree = "<group>";
		};
		58A9893428B2516800CBE4BF = {
			isa = PBXGroup;
			children = (
				58A9893F28B2516800CBE4BF /* weekly-challenge01 */,
				58A9893E28B2516800CBE4BF /* Products */,
			);
			sourceTree = "<group>";
		};
		58A9893E28B2516800CBE4BF /* Products */ = {
			isa = PBXGroup;
			children = (
				58A9893D28B2516800CBE4BF /* weekly-challenge01.app */,
			);
			name = Products;
			sourceTree = "<group>";
		};
		58A9893F28B2516800CBE4BF /* weekly-challenge01 */ = {
			isa = PBXGroup;
			children = (
				584ABC2428B3AA8B0063314E /* Fonts */,
				584ABC1F28B396080063314E /* Extension */,
				58A9894028B2516800CBE4BF /* AppDelegate.swift */,
				58A9894228B2516800CBE4BF /* SceneDelegate.swift */,
				58A9894428B2516800CBE4BF /* ViewController.swift */,
				58A9894928B2516A00CBE4BF /* Assets.xcassets */,
				58A9894B28B2516A00CBE4BF /* LaunchScreen.storyboard */,
				58A9894E28B2516A00CBE4BF /* Info.plist */,
			);
			path = "weekly-challenge01";
			sourceTree = "<group>";
		};
/* End PBXGroup section */

/* Begin PBXNativeTarget section */
		58A9893C28B2516800CBE4BF /* weekly-challenge01 */ = {
			isa = PBXNativeTarget;
			buildConfigurationList = 58A9895128B2516A00CBE4BF /* Build configuration list for PBXNativeTarget "weekly-challenge01" */;
			buildPhases = (
				58A9893928B2516800CBE4BF /* Sources */,
				58A9893A28B2516800CBE4BF /* Frameworks */,
				58A9893B28B2516800CBE4BF /* Resources */,
			);
			buildRules = (
			);
			dependencies = (
			);
			name = "weekly-challenge01";
			packageProductDependencies = (
				58768BB328B25B3F00E87EDD /* SnapKit */,
			);
			productName = "weekly-challenge01";
			productReference = 58A9893D28B2516800CBE4BF /* weekly-challenge01.app */;
			productType = "com.apple.product-type.application";
		};
/* End PBXNativeTarget section */

/* Begin PBXProject section */
		58A9893528B2516800CBE4BF /* Project object */ = {
			isa = PBXProject;
			attributes = {
				BuildIndependentTargetsInParallel = 1;
				LastSwiftUpdateCheck = 1340;
				LastUpgradeCheck = 1340;
				TargetAttributes = {
					58A9893C28B2516800CBE4BF = {
						CreatedOnToolsVersion = 13.4.1;
					};
				};
			};
			buildConfigurationList = 58A9893828B2516800CBE4BF /* Build configuration list for PBXProject "weekly-challenge01" */;
			compatibilityVersion = "Xcode 13.0";
			developmentRegion = en;
			hasScannedForEncodings = 0;
			knownRegions = (
				en,
				Base,
			);
			mainGroup = 58A9893428B2516800CBE4BF;
			packageReferences = (
				58768BB228B25B3F00E87EDD /* XCRemoteSwiftPackageReference "SnapKit" */,
			);
			productRefGroup = 58A9893E28B2516800CBE4BF /* Products */;
			projectDirPath = "";
			projectRoot = "";
			targets = (
				58A9893C28B2516800CBE4BF /* weekly-challenge01 */,
			);
		};
/* End PBXProject section */

/* Begin PBXResourcesBuildPhase section */
		58A9893B28B2516800CBE4BF /* Resources */ = {
			isa = PBXResourcesBuildPhase;
			buildActionMask = 2147483647;
			files = (
				584ABC2B28B3ABDE0063314E /* Urbanist-Bold.otf in Resources */,
				584ABC2D28B3ABF40063314E /* Urbanist-Bold.ttf in Resources */,
				58A9894D28B2516A00CBE4BF /* LaunchScreen.storyboard in Resources */,
				58A9894A28B2516A00CBE4BF /* Assets.xcassets in Resources */,
			);
			runOnlyForDeploymentPostprocessing = 0;
		};
/* End PBXResourcesBuildPhase section */

/* Begin PBXSourcesBuildPhase section */
		58A9893928B2516800CBE4BF /* Sources */ = {
			isa = PBXSourcesBuildPhase;
			buildActionMask = 2147483647;
			files = (
				58A9894528B2516800CBE4BF /* ViewController.swift in Sources */,
				58A9894128B2516800CBE4BF /* AppDelegate.swift in Sources */,
				58A9894328B2516800CBE4BF /* SceneDelegate.swift in Sources */,
				584ABC2128B396310063314E /* UITextField+Ext.swift in Sources */,
				584ABC2328B3A3660063314E /* CALayer+Ext.swift in Sources */,
			);
			runOnlyForDeploymentPostprocessing = 0;
		};
/* End PBXSourcesBuildPhase section */

/* Begin PBXVariantGroup section */
		58A9894B28B2516A00CBE4BF /* LaunchScreen.storyboard */ = {
			isa = PBXVariantGroup;
			children = (
				58A9894C28B2516A00CBE4BF /* Base */,
			);
			name = LaunchScreen.storyboard;
			sourceTree = "<group>";
		};
/* End PBXVariantGroup section */

/* Begin XCBuildConfiguration section */
		58A9894F28B2516A00CBE4BF /* Debug */ = {
			isa = XCBuildConfiguration;
			buildSettings = {
				ALWAYS_SEARCH_USER_PATHS = NO;
				CLANG_ANALYZER_NONNULL = YES;
				CLANG_ANALYZER_NUMBER_OBJECT_CONVERSION = YES_AGGRESSIVE;
				CLANG_CXX_LANGUAGE_STANDARD = "gnu++17";
				CLANG_ENABLE_MODULES = YES;
				CLANG_ENABLE_OBJC_ARC = YES;
				CLANG_ENABLE_OBJC_WEAK = YES;
				CLANG_WARN_BLOCK_CAPTURE_AUTORELEASING = YES;
				CLANG_WARN_BOOL_CONVERSION = YES;
				CLANG_WARN_COMMA = YES;
				CLANG_WARN_CONSTANT_CONVERSION = YES;
				CLANG_WARN_DEPRECATED_OBJC_IMPLEMENTATIONS = YES;
				CLANG_WARN_DIRECT_OBJC_ISA_USAGE = YES_ERROR;
				CLANG_WARN_DOCUMENTATION_COMMENTS = YES;
				CLANG_WARN_EMPTY_BODY = YES;
				CLANG_WARN_ENUM_CONVERSION = YES;
				CLANG_WARN_INFINITE_RECURSION = YES;
				CLANG_WARN_INT_CONVERSION = YES;
				CLANG_WARN_NON_LITERAL_NULL_CONVERSION = YES;
				CLANG_WARN_OBJC_IMPLICIT_RETAIN_SELF = YES;
				CLANG_WARN_OBJC_LITERAL_CONVERSION = YES;
				CLANG_WARN_OBJC_ROOT_CLASS = YES_ERROR;
				CLANG_WARN_QUOTED_INCLUDE_IN_FRAMEWORK_HEADER = YES;
				CLANG_WARN_RANGE_LOOP_ANALYSIS = YES;
				CLANG_WARN_STRICT_PROTOTYPES = YES;
				CLANG_WARN_SUSPICIOUS_MOVE = YES;
				CLANG_WARN_UNGUARDED_AVAILABILITY = YES_AGGRESSIVE;
				CLANG_WARN_UNREACHABLE_CODE = YES;
				CLANG_WARN__DUPLICATE_METHOD_MATCH = YES;
				COPY_PHASE_STRIP = NO;
				DEBUG_INFORMATION_FORMAT = dwarf;
				ENABLE_STRICT_OBJC_MSGSEND = YES;
				ENABLE_TESTABILITY = YES;
				GCC_C_LANGUAGE_STANDARD = gnu11;
				GCC_DYNAMIC_NO_PIC = NO;
				GCC_NO_COMMON_BLOCKS = YES;
				GCC_OPTIMIZATION_LEVEL = 0;
				GCC_PREPROCESSOR_DEFINITIONS = (
					"DEBUG=1",
					"$(inherited)",
				);
				GCC_WARN_64_TO_32_BIT_CONVERSION = YES;
				GCC_WARN_ABOUT_RETURN_TYPE = YES_ERROR;
				GCC_WARN_UNDECLARED_SELECTOR = YES;
				GCC_WARN_UNINITIALIZED_AUTOS = YES_AGGRESSIVE;
				GCC_WARN_UNUSED_FUNCTION = YES;
				GCC_WARN_UNUSED_VARIABLE = YES;
				IPHONEOS_DEPLOYMENT_TARGET = 15.5;
				MTL_ENABLE_DEBUG_INFO = INCLUDE_SOURCE;
				MTL_FAST_MATH = YES;
				ONLY_ACTIVE_ARCH = YES;
				SDKROOT = iphoneos;
				SWIFT_ACTIVE_COMPILATION_CONDITIONS = DEBUG;
				SWIFT_OPTIMIZATION_LEVEL = "-Onone";
			};
			name = Debug;
		};
		58A9895028B2516A00CBE4BF /* Release */ = {
			isa = XCBuildConfiguration;
			buildSettings = {
				ALWAYS_SEARCH_USER_PATHS = NO;
				CLANG_ANALYZER_NONNULL = YES;
				CLANG_ANALYZER_NUMBER_OBJECT_CONVERSION = YES_AGGRESSIVE;
				CLANG_CXX_LANGUAGE_STANDARD = "gnu++17";
				CLANG_ENABLE_MODULES = YES;
				CLANG_ENABLE_OBJC_ARC = YES;
				CLANG_ENABLE_OBJC_WEAK = YES;
				CLANG_WARN_BLOCK_CAPTURE_AUTORELEASING = YES;
				CLANG_WARN_BOOL_CONVERSION = YES;
				CLANG_WARN_COMMA = YES;
				CLANG_WARN_CONSTANT_CONVERSION = YES;
				CLANG_WARN_DEPRECATED_OBJC_IMPLEMENTATIONS = YES;
				CLANG_WARN_DIRECT_OBJC_ISA_USAGE = YES_ERROR;
				CLANG_WARN_DOCUMENTATION_COMMENTS = YES;
				CLANG_WARN_EMPTY_BODY = YES;
				CLANG_WARN_ENUM_CONVERSION = YES;
				CLANG_WARN_INFINITE_RECURSION = YES;
				CLANG_WARN_INT_CONVERSION = YES;
				CLANG_WARN_NON_LITERAL_NULL_CONVERSION = YES;
				CLANG_WARN_OBJC_IMPLICIT_RETAIN_SELF = YES;
				CLANG_WARN_OBJC_LITERAL_CONVERSION = YES;
				CLANG_WARN_OBJC_ROOT_CLASS = YES_ERROR;
				CLANG_WARN_QUOTED_INCLUDE_IN_FRAMEWORK_HEADER = YES;
				CLANG_WARN_RANGE_LOOP_ANALYSIS = YES;
				CLANG_WARN_STRICT_PROTOTYPES = YES;
				CLANG_WARN_SUSPICIOUS_MOVE = YES;
				CLANG_WARN_UNGUARDED_AVAILABILITY = YES_AGGRESSIVE;
				CLANG_WARN_UNREACHABLE_CODE = YES;
				CLANG_WARN__DUPLICATE_METHOD_MATCH = YES;
				COPY_PHASE_STRIP = NO;
				DEBUG_INFORMATION_FORMAT = "dwarf-with-dsym";
				ENABLE_NS_ASSERTIONS = NO;
				ENABLE_STRICT_OBJC_MSGSEND = YES;
				GCC_C_LANGUAGE_STANDARD = gnu11;
				GCC_NO_COMMON_BLOCKS = YES;
				GCC_WARN_64_TO_32_BIT_CONVERSION = YES;
				GCC_WARN_ABOUT_RETURN_TYPE = YES_ERROR;
				GCC_WARN_UNDECLARED_SELECTOR = YES;
				GCC_WARN_UNINITIALIZED_AUTOS = YES_AGGRESSIVE;
				GCC_WARN_UNUSED_FUNCTION = YES;
				GCC_WARN_UNUSED_VARIABLE = YES;
				IPHONEOS_DEPLOYMENT_TARGET = 15.5;
				MTL_ENABLE_DEBUG_INFO = NO;
				MTL_FAST_MATH = YES;
				SDKROOT = iphoneos;
				SWIFT_COMPILATION_MODE = wholemodule;
				SWIFT_OPTIMIZATION_LEVEL = "-O";
				VALIDATE_PRODUCT = YES;
			};
			name = Release;
		};
		58A9895228B2516A00CBE4BF /* Debug */ = {
			isa = XCBuildConfiguration;
			buildSettings = {
				ASSETCATALOG_COMPILER_APPICON_NAME = AppIcon;
				ASSETCATALOG_COMPILER_GLOBAL_ACCENT_COLOR_NAME = AccentColor;
				CODE_SIGN_STYLE = Automatic;
				CURRENT_PROJECT_VERSION = 1;
				DEVELOPMENT_TEAM = 55R62292CP;
				GENERATE_INFOPLIST_FILE = YES;
				INFOPLIST_FILE = "weekly-challenge01/Info.plist";
				INFOPLIST_KEY_UIApplicationSupportsIndirectInputEvents = YES;
				INFOPLIST_KEY_UILaunchStoryboardName = LaunchScreen;
				INFOPLIST_KEY_UISupportedInterfaceOrientations_iPad = "UIInterfaceOrientationPortrait UIInterfaceOrientationPortraitUpsideDown UIInterfaceOrientationLandscapeLeft UIInterfaceOrientationLandscapeRight";
				INFOPLIST_KEY_UISupportedInterfaceOrientations_iPhone = "UIInterfaceOrientationPortrait UIInterfaceOrientationLandscapeLeft UIInterfaceOrientationLandscapeRight";
				LD_RUNPATH_SEARCH_PATHS = (
					"$(inherited)",
					"@executable_path/Frameworks",
				);
				MARKETING_VERSION = 1.0;
				PRODUCT_BUNDLE_IDENTIFIER = "com.shseo.weekly-challenge01";
				PRODUCT_NAME = "$(TARGET_NAME)";
				SWIFT_EMIT_LOC_STRINGS = YES;
				SWIFT_VERSION = 5.0;
				TARGETED_DEVICE_FAMILY = "1,2";
			};
			name = Debug;
		};
		58A9895328B2516A00CBE4BF /* Release */ = {
			isa = XCBuildConfiguration;
			buildSettings = {
				ASSETCATALOG_COMPILER_APPICON_NAME = AppIcon;
				ASSETCATALOG_COMPILER_GLOBAL_ACCENT_COLOR_NAME = AccentColor;
				CODE_SIGN_STYLE = Automatic;
				CURRENT_PROJECT_VERSION = 1;
				DEVELOPMENT_TEAM = 55R62292CP;
				GENERATE_INFOPLIST_FILE = YES;
				INFOPLIST_FILE = "weekly-challenge01/Info.plist";
				INFOPLIST_KEY_UIApplicationSupportsIndirectInputEvents = YES;
				INFOPLIST_KEY_UILaunchStoryboardName = LaunchScreen;
				INFOPLIST_KEY_UISupportedInterfaceOrientations_iPad = "UIInterfaceOrientationPortrait UIInterfaceOrientationPortraitUpsideDown UIInterfaceOrientationLandscapeLeft UIInterfaceOrientationLandscapeRight";
				INFOPLIST_KEY_UISupportedInterfaceOrientations_iPhone = "UIInterfaceOrientationPortrait UIInterfaceOrientationLandscapeLeft UIInterfaceOrientationLandscapeRight";
				LD_RUNPATH_SEARCH_PATHS = (
					"$(inherited)",
					"@executable_path/Frameworks",
				);
				MARKETING_VERSION = 1.0;
				PRODUCT_BUNDLE_IDENTIFIER = "com.shseo.weekly-challenge01";
				PRODUCT_NAME = "$(TARGET_NAME)";
				SWIFT_EMIT_LOC_STRINGS = YES;
				SWIFT_VERSION = 5.0;
				TARGETED_DEVICE_FAMILY = "1,2";
			};
			name = Release;
		};
/* End XCBuildConfiguration section */

/* Begin XCConfigurationList section */
		58A9893828B2516800CBE4BF /* Build configuration list for PBXProject "weekly-challenge01" */ = {
			isa = XCConfigurationList;
			buildConfigurations = (
				58A9894F28B2516A00CBE4BF /* Debug */,
				58A9895028B2516A00CBE4BF /* Release */,
			);
			defaultConfigurationIsVisible = 0;
			defaultConfigurationName = Release;
		};
		58A9895128B2516A00CBE4BF /* Build configuration list for PBXNativeTarget "weekly-challenge01" */ = {
			isa = XCConfigurationList;
			buildConfigurations = (
				58A9895228B2516A00CBE4BF /* Debug */,
				58A9895328B2516A00CBE4BF /* Release */,
			);
			defaultConfigurationIsVisible = 0;
			defaultConfigurationName = Release;
		};
/* End XCConfigurationList section */

/* Begin XCRemoteSwiftPackageReference section */
		58768BB228B25B3F00E87EDD /* XCRemoteSwiftPackageReference "SnapKit" */ = {
			isa = XCRemoteSwiftPackageReference;
			repositoryURL = "https://github.com/SnapKit/SnapKit.git";
			requirement = {
				kind = upToNextMajorVersion;
				minimumVersion = 5.0.1;
			};
		};
/* End XCRemoteSwiftPackageReference section */

/* Begin XCSwiftPackageProductDependency section */
		58768BB328B25B3F00E87EDD /* SnapKit */ = {
			isa = XCSwiftPackageProductDependency;
			package = 58768BB228B25B3F00E87EDD /* XCRemoteSwiftPackageReference "SnapKit" */;
			productName = SnapKit;
		};
/* End XCSwiftPackageProductDependency section */
	};
	rootObject = 58A9893528B2516800CBE4BF /* Project object */;
}
